
Microsoft Visual Studio Solution File, Format Version 12.00
# Visual Studio 15
VisualStudioVersion = 15.0.27703.2042
MinimumVisualStudioVersion = 10.0.40219.1
Project("{FAE04EC0-301F-11D3-BF4B-00C04F79EFBC}") = "ExamWork", "ExamWork\ExamWork.csproj", "{7F824543-FFA9-4195-9132-4F39726BEF96}"
EndProject
Project("{FAE04EC0-301F-11D3-BF4B-00C04F79EFBC}") = "ExamWork.Models", "ExamWork.Models\ExamWork.Models.csproj", "{375F5348-FE7C-4526-9B19-8A937A1F4F92}"
EndProject
Project("{FAE04EC0-301F-11D3-BF4B-00C04F79EFBC}") = "ExamWork.DataAccess", "ExamWork.DataAccess\ExamWork.DataAccess.csproj", "{156DB93A-7E96-4392-ADCD-BC80FA56FB58}"
EndProject
Global
	GlobalSection(SolutionConfigurationPlatforms) = preSolution
		Debug|Any CPU = Debug|Any CPU
		Release|Any CPU = Release|Any CPU
	EndGlobalSection
	GlobalSection(ProjectConfigurationPlatforms) = postSolution
		{7F824543-FFA9-4195-9132-4F39726BEF96}.Debug|Any CPU.ActiveCfg = Debug|Any CPU
		{7F824543-FFA9-4195-9132-4F39726BEF96}.Debug|Any CPU.Build.0 = Debug|Any CPU
		{7F824543-FFA9-4195-9132-4F39726BEF96}.Release|Any CPU.ActiveCfg = Release|Any CPU
		{7F824543-FFA9-4195-9132-4F39726BEF96}.Release|Any CPU.Build.0 = Release|Any CPU
		{375F5348-FE7C-4526-9B19-8A937A1F4F92}.Debug|Any CPU.ActiveCfg = Debug|Any CPU
		{375F5348-FE7C-4526-9B19-8A937A1F4F92}.Debug|Any CPU.Build.0 = Debug|Any CPU
		{375F5348-FE7C-4526-9B19-8A937A1F4F92}.Release|Any CPU.ActiveCfg = Release|Any CPU
		{375F5348-FE7C-4526-9B19-8A937A1F4F92}.Release|Any CPU.Build.0 = Release|Any CPU
		{156DB93A-7E96-4392-ADCD-BC80FA56FB58}.Debug|Any CPU.ActiveCfg = Debug|Any CPU
		{156DB93A-7E96-4392-ADCD-BC80FA56FB58}.Debug|Any CPU.Build.0 = Debug|Any CPU
		{156DB93A-7E96-4392-ADCD-BC80FA56FB58}.Release|Any CPU.ActiveCfg = Release|Any CPU
		{156DB93A-7E96-4392-ADCD-BC80FA56FB58}.Release|Any CPU.Build.0 = Release|Any CPU
	EndGlobalSection
	GlobalSection(SolutionProperties) = preSolution
		HideSolutionNode = FALSE
	EndGlobalSection
	GlobalSection(ExtensibilityGlobals) = postSolution
		SolutionGuid = {0B835CB5-D133-4D1B-B23B-AAE66CA6C8E6}
	EndGlobalSection
EndGlobal
